{
  "originHash" : "d14b8da61093bf4c9626eb754e8133ea39a4fc13489cb0ac7c8d5f6917e72d5f",
  "pins" : [
    {
      "identity" : "sqlite.swift",
      "kind" : "remoteSourceControl",
      "location" : "https://github.com/miakoring/SQLite.swift.git",
      "state" : {
        "branch" : "master",
        "revision" : "2857e54ddc82e4bf294eea307ed348aaefca9811"
      }
    },
    {
      "identity" : "swift-asn1",
      "kind" : "remoteSourceControl",
      "location" : "https://github.com/apple/swift-asn1.git",
      "state" : {
        "revision" : "40d25bbb2fc5b557a9aa8512210bded327c0f60d",
        "version" : "1.5.0"
      }
    },
    {
      "identity" : "swift-crypto",
      "kind" : "remoteSourceControl",
      "location" : "https://github.com/apple/swift-crypto.git",
      "state" : {
        "revision" : "bcd2b89f2a4446395830b82e4e192765edd71e18",
        "version" : "4.0.0"
      }
    },
    {
      "identity" : "swift-toolchain-sqlite",
      "kind" : "remoteSourceControl",
      "location" : "https://github.com/swiftlang/swift-toolchain-sqlite",
      "state" : {
        "revision" : "b45b80b943e88db3cb8ddea798fa3fa9912375ff",
        "version" : "1.0.7"
      }
    }
  ],
  "version" : 3
}
